<?xml version="1.0" encoding="utf-8"?>
<Project ToolsVersion="4.0" xmlns="http://schemas.microsoft.com/developer/msbuild/2003">
  <ItemGroup>
    <ClCompile Include="main.cpp" />
    <ClCompile Include="Server.cpp" />
    <ClCompile Include="User.cpp" />
    <ClCompile Include="DbConnector.cpp" />
    <ClCompile Include="logging.cpp" />
    <ClCompile Include="LogInfo.cpp" />
  </ItemGroup>
  <ItemGroup>
    <ClInclude Include="Server.h" />
    <ClInclude Include="User.h" />
    <ClInclude Include="msg.h" />
    <ClInclude Include="DbConnector.h" />
    <ClInclude Include="logging.h" />
    <ClInclude Include="LogInfo.h" />
  </ItemGroup>
</Project>